// !$*UTF8*$!
{
	archiveVersion = 1;
	classes = {
	};
	objectVersion = 50;
	objects = {

/* Begin PBXBuildFile section */
		3051CB0F212DBD6700B8EE00 /* businessCardView.swift in Sources */ = {isa = PBXBuildFile; fileRef = 3051CB0E212DBD6700B8EE00 /* businessCardView.swift */; };
		3051CB17212DC6F600B8EE00 /* aboutViewController.swift in Sources */ = {isa = PBXBuildFile; fileRef = 3051CB16212DC6F600B8EE00 /* aboutViewController.swift */; };
		30596E61212E0907004364EE /* mainViewController.swift in Sources */ = {isa = PBXBuildFile; fileRef = 30596E60212E0906004364EE /* mainViewController.swift */; };
		307F01C72143381600E3543E /* accessCodeViewController.swift in Sources */ = {isa = PBXBuildFile; fileRef = 307F01C62143381600E3543E /* accessCodeViewController.swift */; };
		30C55D73212B4AD8004946FF /* AppDelegate.swift in Sources */ = {isa = PBXBuildFile; fileRef = 30C55D72212B4AD8004946FF /* AppDelegate.swift */; };
		30C55D78212B4AD8004946FF /* Main.storyboard in Resources */ = {isa = PBXBuildFile; fileRef = 30C55D76212B4AD8004946FF /* Main.storyboard */; };
		30C55D7A212B4ADC004946FF /* Assets.xcassets in Resources */ = {isa = PBXBuildFile; fileRef = 30C55D79212B4ADC004946FF /* Assets.xcassets */; };
		30C55D7D212B4ADC004946FF /* LaunchScreen.storyboard in Resources */ = {isa = PBXBuildFile; fileRef = 30C55D7B212B4ADC004946FF /* LaunchScreen.storyboard */; };
		30C55D88212B4ADC004946FF /* Business_Card_PrinterTests.swift in Sources */ = {isa = PBXBuildFile; fileRef = 30C55D87212B4ADC004946FF /* Business_Card_PrinterTests.swift */; };
		30C55D93212B4ADC004946FF /* Business_Card_PrinterUITests.swift in Sources */ = {isa = PBXBuildFile; fileRef = 30C55D92212B4ADC004946FF /* Business_Card_PrinterUITests.swift */; };
		30CC17272141E77900B1CD3F /* Model.xcdatamodeld in Sources */ = {isa = PBXBuildFile; fileRef = 30CC17252141E77900B1CD3F /* Model.xcdatamodeld */; };
/* End PBXBuildFile section */

/* Begin PBXContainerItemProxy section */
		30C55D84212B4ADC004946FF /* PBXContainerItemProxy */ = {
			isa = PBXContainerItemProxy;
			containerPortal = 30C55D67212B4AD8004946FF /* Project object */;
			proxyType = 1;
			remoteGlobalIDString = 30C55D6E212B4AD8004946FF;
			remoteInfo = "Business Card Printer";
		};
		30C55D8F212B4ADC004946FF /* PBXContainerItemProxy */ = {
			isa = PBXContainerItemProxy;
			containerPortal = 30C55D67212B4AD8004946FF /* Project object */;
			proxyType = 1;
			remoteGlobalIDString = 30C55D6E212B4AD8004946FF;
			remoteInfo = "Business Card Printer";
		};
/* End PBXContainerItemProxy section */

/* Begin PBXFileReference section */
		3051CB0E212DBD6700B8EE00 /* businessCardView.swift */ = {isa = PBXFileReference; lastKnownFileType = sourcecode.swift; path = businessCardView.swift; sourceTree = "<group>"; };
		3051CB16212DC6F600B8EE00 /* aboutViewController.swift */ = {isa = PBXFileReference; lastKnownFileType = sourcecode.swift; path = aboutViewController.swift; sourceTree = "<group>"; };
		30596E60212E0906004364EE /* mainViewController.swift */ = {isa = PBXFileReference; fileEncoding = 4; lastKnownFileType = sourcecode.swift; path = mainViewController.swift; sourceTree = "<group>"; };
		307F01C62143381600E3543E /* accessCodeViewController.swift */ = {isa = PBXFileReference; lastKnownFileType = sourcecode.swift; path = accessCodeViewController.swift; sourceTree = "<group>"; };
		30C55D6F212B4AD8004946FF /* Business Card Printer.app */ = {isa = PBXFileReference; explicitFileType = wrapper.application; includeInIndex = 0; path = "Business Card Printer.app"; sourceTree = BUILT_PRODUCTS_DIR; };
		30C55D72212B4AD8004946FF /* AppDelegate.swift */ = {isa = PBXFileReference; lastKnownFileType = sourcecode.swift; path = AppDelegate.swift; sourceTree = "<group>"; };
		30C55D77212B4AD8004946FF /* Base */ = {isa = PBXFileReference; lastKnownFileType = file.storyboard; name = Base; path = Base.lproj/Main.storyboard; sourceTree = "<group>"; };
		30C55D79212B4ADC004946FF /* Assets.xcassets */ = {isa = PBXFileReference; lastKnownFileType = folder.assetcatalog; path = Assets.xcassets; sourceTree = "<group>"; };
		30C55D7C212B4ADC004946FF /* Base */ = {isa = PBXFileReference; lastKnownFileType = file.storyboard; name = Base; path = Base.lproj/LaunchScreen.storyboard; sourceTree = "<group>"; };
		30C55D7E212B4ADC004946FF /* Info.plist */ = {isa = PBXFileReference; lastKnownFileType = text.plist.xml; path = Info.plist; sourceTree = "<group>"; };
		30C55D83212B4ADC004946FF /* Business Card PrinterTests.xctest */ = {isa = PBXFileReference; explicitFileType = wrapper.cfbundle; includeInIndex = 0; path = "Business Card PrinterTests.xctest"; sourceTree = BUILT_PRODUCTS_DIR; };
		30C55D87212B4ADC004946FF /* Business_Card_PrinterTests.swift */ = {isa = PBXFileReference; lastKnownFileType = sourcecode.swift; path = Business_Card_PrinterTests.swift; sourceTree = "<group>"; };
		30C55D89212B4ADC004946FF /* Info.plist */ = {isa = PBXFileReference; lastKnownFileType = text.plist.xml; path = Info.plist; sourceTree = "<group>"; };
		30C55D8E212B4ADC004946FF /* Business Card PrinterUITests.xctest */ = {isa = PBXFileReference; explicitFileType = wrapper.cfbundle; includeInIndex = 0; path = "Business Card PrinterUITests.xctest"; sourceTree = BUILT_PRODUCTS_DIR; };
		30C55D92212B4ADC004946FF /* Business_Card_PrinterUITests.swift */ = {isa = PBXFileReference; lastKnownFileType = sourcecode.swift; path = Business_Card_PrinterUITests.swift; sourceTree = "<group>"; };
		30C55D94212B4ADC004946FF /* Info.plist */ = {isa = PBXFileReference; lastKnownFileType = text.plist.xml; path = Info.plist; sourceTree = "<group>"; };
		30CC17262141E77900B1CD3F /* Model.xcdatamodel */ = {isa = PBXFileReference; lastKnownFileType = wrapper.xcdatamodel; path = Model.xcdatamodel; sourceTree = "<group>"; };
/* End PBXFileReference section */

/* Begin PBXFrameworksBuildPhase section */
		30C55D6C212B4AD8004946FF /* Frameworks */ = {
			isa = PBXFrameworksBuildPhase;
			buildActionMask = 2147483647;
			files = (
			);
			runOnlyForDeploymentPostprocessing = 0;
		};
		30C55D80212B4ADC004946FF /* Frameworks */ = {
			isa = PBXFrameworksBuildPhase;
			buildActionMask = 2147483647;
			files = (
			);
			runOnlyForDeploymentPostprocessing = 0;
		};
		30C55D8B212B4ADC004946FF /* Frameworks */ = {
			isa = PBXFrameworksBuildPhase;
			buildActionMask = 2147483647;
			files = (
			);
			runOnlyForDeploymentPostprocessing = 0;
		};
/* End PBXFrameworksBuildPhase section */

/* Begin PBXGroup section */
		30C55D66212B4AD8004946FF = {
			isa = PBXGroup;
			children = (
				30C55D71212B4AD8004946FF /* Business Card Printer */,
				30C55D86212B4ADC004946FF /* Business Card PrinterTests */,
				30C55D91212B4ADC004946FF /* Business Card PrinterUITests */,
				30C55D70212B4AD8004946FF /* Products */,
			);
			sourceTree = "<group>";
		};
		30C55D70212B4AD8004946FF /* Products */ = {
			isa = PBXGroup;
			children = (
				30C55D6F212B4AD8004946FF /* Business Card Printer.app */,
				30C55D83212B4ADC004946FF /* Business Card PrinterTests.xctest */,
				30C55D8E212B4ADC004946FF /* Business Card PrinterUITests.xctest */,
			);
			name = Products;
			sourceTree = "<group>";
		};
		30C55D71212B4AD8004946FF /* Business Card Printer */ = {
			isa = PBXGroup;
			children = (
				30C55D72212B4AD8004946FF /* AppDelegate.swift */,
				30596E60212E0906004364EE /* mainViewController.swift */,
				307F01C62143381600E3543E /* accessCodeViewController.swift */,
				3051CB16212DC6F600B8EE00 /* aboutViewController.swift */,
				3051CB0E212DBD6700B8EE00 /* businessCardView.swift */,
				30C55D76212B4AD8004946FF /* Main.storyboard */,
				30C55D79212B4ADC004946FF /* Assets.xcassets */,
				30C55D7B212B4ADC004946FF /* LaunchScreen.storyboard */,
				30C55D7E212B4ADC004946FF /* Info.plist */,
				30CC17252141E77900B1CD3F /* Model.xcdatamodeld */,
			);
			path = "Business Card Printer";
			sourceTree = "<group>";
		};
		30C55D86212B4ADC004946FF /* Business Card PrinterTests */ = {
			isa = PBXGroup;
			children = (
				30C55D87212B4ADC004946FF /* Business_Card_PrinterTests.swift */,
				30C55D89212B4ADC004946FF /* Info.plist */,
			);
			path = "Business Card PrinterTests";
			sourceTree = "<group>";
		};
		30C55D91212B4ADC004946FF /* Business Card PrinterUITests */ = {
			isa = PBXGroup;
			children = (
				30C55D92212B4ADC004946FF /* Business_Card_PrinterUITests.swift */,
				30C55D94212B4ADC004946FF /* Info.plist */,
			);
			path = "Business Card PrinterUITests";
			sourceTree = "<group>";
		};
/* End PBXGroup section */

/* Begin PBXNativeTarget section */
		30C55D6E212B4AD8004946FF /* Business Card Printer */ = {
			isa = PBXNativeTarget;
			buildConfigurationList = 30C55D97212B4ADC004946FF /* Build configuration list for PBXNativeTarget "Business Card Printer" */;
			buildPhases = (
				30C55D6B212B4AD8004946FF /* Sources */,
				30C55D6C212B4AD8004946FF /* Frameworks */,
				30C55D6D212B4AD8004946FF /* Resources */,
			);
			buildRules = (
			);
			dependencies = (
			);
			name = "Business Card Printer";
			productName = "Business Card Printer";
			productReference = 30C55D6F212B4AD8004946FF /* Business Card Printer.app */;
			productType = "com.apple.product-type.application";
		};
		30C55D82212B4ADC004946FF /* Business Card PrinterTests */ = {
			isa = PBXNativeTarget;
			buildConfigurationList = 30C55D9A212B4ADC004946FF /* Build configuration list for PBXNativeTarget "Business Card PrinterTests" */;
			buildPhases = (
				30C55D7F212B4ADC004946FF /* Sources */,
				30C55D80212B4ADC004946FF /* Frameworks */,
				30C55D81212B4ADC004946FF /* Resources */,
			);
			buildRules = (
			);
			dependencies = (
				30C55D85212B4ADC004946FF /* PBXTargetDependency */,
			);
			name = "Business Card PrinterTests";
			productName = "Business Card PrinterTests";
			productReference = 30C55D83212B4ADC004946FF /* Business Card PrinterTests.xctest */;
			productType = "com.apple.product-type.bundle.unit-test";
		};
		30C55D8D212B4ADC004946FF /* Business Card PrinterUITests */ = {
			isa = PBXNativeTarget;
			buildConfigurationList = 30C55D9D212B4ADC004946FF /* Build configuration list for PBXNativeTarget "Business Card PrinterUITests" */;
			buildPhases = (
				30C55D8A212B4ADC004946FF /* Sources */,
				30C55D8B212B4ADC004946FF /* Frameworks */,
				30C55D8C212B4ADC004946FF /* Resources */,
			);
			buildRules = (
			);
			dependencies = (
				30C55D90212B4ADC004946FF /* PBXTargetDependency */,
			);
			name = "Business Card PrinterUITests";
			productName = "Business Card PrinterUITests";
			productReference = 30C55D8E212B4ADC004946FF /* Business Card PrinterUITests.xctest */;
			productType = "com.apple.product-type.bundle.ui-testing";
		};
/* End PBXNativeTarget section */

/* Begin PBXProject section */
		30C55D67212B4AD8004946FF /* Project object */ = {
			isa = PBXProject;
			attributes = {
				LastSwiftUpdateCheck = 0940;
				LastUpgradeCheck = 0940;
				ORGANIZATIONNAME = "Jakey-Poo Builds Apps";
				TargetAttributes = {
					30C55D6E212B4AD8004946FF = {
						CreatedOnToolsVersion = 9.4.1;
					};
					30C55D82212B4ADC004946FF = {
						CreatedOnToolsVersion = 9.4.1;
						TestTargetID = 30C55D6E212B4AD8004946FF;
					};
					30C55D8D212B4ADC004946FF = {
						CreatedOnToolsVersion = 9.4.1;
						TestTargetID = 30C55D6E212B4AD8004946FF;
					};
				};
			};
			buildConfigurationList = 30C55D6A212B4AD8004946FF /* Build configuration list for PBXProject "Business Card Printer" */;
			compatibilityVersion = "Xcode 9.3";
			developmentRegion = en;
			hasScannedForEncodings = 0;
			knownRegions = (
				en,
				Base,
			);
			mainGroup = 30C55D66212B4AD8004946FF;
			productRefGroup = 30C55D70212B4AD8004946FF /* Products */;
			projectDirPath = "";
			projectRoot = "";
			targets = (
				30C55D6E212B4AD8004946FF /* Business Card Printer */,
				30C55D82212B4ADC004946FF /* Business Card PrinterTests */,
				30C55D8D212B4ADC004946FF /* Business Card PrinterUITests */,
			);
		};
/* End PBXProject section */

/* Begin PBXResourcesBuildPhase section */
		30C55D6D212B4AD8004946FF /* Resources */ = {
			isa = PBXResourcesBuildPhase;
			buildActionMask = 2147483647;
			files = (
				30C55D7D212B4ADC004946FF /* LaunchScreen.storyboard in Resources */,
				30C55D7A212B4ADC004946FF /* Assets.xcassets in Resources */,
				30C55D78212B4AD8004946FF /* Main.storyboard in Resources */,
			);
			runOnlyForDeploymentPostprocessing = 0;
		};
		30C55D81212B4ADC004946FF /* Resources */ = {
			isa = PBXResourcesBuildPhase;
			buildActionMask = 2147483647;
			files = (
			);
			runOnlyForDeploymentPostprocessing = 0;
		};
		30C55D8C212B4ADC004946FF /* Resources */ = {
			isa = PBXResourcesBuildPhase;
			buildActionMask = 2147483647;
			files = (
			);
			runOnlyForDeploymentPostprocessing = 0;
		};
/* End PBXResourcesBuildPhase section */

/* Begin PBXSourcesBuildPhase section */
		30C55D6B212B4AD8004946FF /* Sources */ = {
			isa = PBXSourcesBuildPhase;
			buildActionMask = 2147483647;
			files = (
				3051CB17212DC6F600B8EE00 /* aboutViewController.swift in Sources */,
				3051CB0F212DBD6700B8EE00 /* businessCardView.swift in Sources */,
				30CC17272141E77900B1CD3F /* Model.xcdatamodeld in Sources */,
				307F01C72143381600E3543E /* accessCodeViewController.swift in Sources */,
				30C55D73212B4AD8004946FF /* AppDelegate.swift in Sources */,
				30596E61212E0907004364EE /* mainViewController.swift in Sources */,
			);
			runOnlyForDeploymentPostprocessing = 0;
		};
		30C55D7F212B4ADC004946FF /* Sources */ = {
			isa = PBXSourcesBuildPhase;
			buildActionMask = 2147483647;
			files = (
				30C55D88212B4ADC004946FF /* Business_Card_PrinterTests.swift in Sources */,
			);
			runOnlyForDeploymentPostprocessing = 0;
		};
		30C55D8A212B4ADC004946FF /* Sources */ = {
			isa = PBXSourcesBuildPhase;
			buildActionMask = 2147483647;
			files = (
				30C55D93212B4ADC004946FF /* Business_Card_PrinterUITests.swift in Sources */,
			);
			runOnlyForDeploymentPostprocessing = 0;
		};
/* End PBXSourcesBuildPhase section */

/* Begin PBXTargetDependency section */
		30C55D85212B4ADC004946FF /* PBXTargetDependency */ = {
			isa = PBXTargetDependency;
			target = 30C55D6E212B4AD8004946FF /* Business Card Printer */;
			targetProxy = 30C55D84212B4ADC004946FF /* PBXContainerItemProxy */;
		};
		30C55D90212B4ADC004946FF /* PBXTargetDependency */ = {
			isa = PBXTargetDependency;
			target = 30C55D6E212B4AD8004946FF /* Business Card Printer */;
			targetProxy = 30C55D8F212B4ADC004946FF /* PBXContainerItemProxy */;
		};
/* End PBXTargetDependency section */

/* Begin PBXVariantGroup section */
		30C55D76212B4AD8004946FF /* Main.storyboard */ = {
			isa = PBXVariantGroup;
			children = (
				30C55D77212B4AD8004946FF /* Base */,
			);
			name = Main.storyboard;
			sourceTree = "<group>";
		};
		30C55D7B212B4ADC004946FF /* LaunchScreen.storyboard */ = {
			isa = PBXVariantGroup;
			children = (
				30C55D7C212B4ADC004946FF /* Base */,
			);
			name = LaunchScreen.storyboard;
			sourceTree = "<group>";
		};
/* End PBXVariantGroup section */

/* Begin XCBuildConfiguration section */
		30C55D95212B4ADC004946FF /* Debug */ = {
			isa = XCBuildConfiguration;
			buildSettings = {
				ALWAYS_SEARCH_USER_PATHS = NO;
				CLANG_ANALYZER_NONNULL = YES;
				CLANG_ANALYZER_NUMBER_OBJECT_CONVERSION = YES_AGGRESSIVE;
				CLANG_CXX_LANGUAGE_STANDARD = "gnu++14";
				CLANG_CXX_LIBRARY = "libc++";
				CLANG_ENABLE_MODULES = YES;
				CLANG_ENABLE_OBJC_ARC = YES;
				CLANG_ENABLE_OBJC_WEAK = YES;
				CLANG_WARN_BLOCK_CAPTURE_AUTORELEASING = YES;
				CLANG_WARN_BOOL_CONVERSION = YES;
				CLANG_WARN_COMMA = YES;
				CLANG_WARN_CONSTANT_CONVERSION = YES;
				CLANG_WARN_DEPRECATED_OBJC_IMPLEMENTATIONS = YES;
				CLANG_WARN_DIRECT_OBJC_ISA_USAGE = YES_ERROR;
				CLANG_WARN_DOCUMENTATION_COMMENTS = YES;
				CLANG_WARN_EMPTY_BODY = YES;
				CLANG_WARN_ENUM_CONVERSION = YES;
				CLANG_WARN_INFINITE_RECURSION = YES;
				CLANG_WARN_INT_CONVERSION = YES;
				CLANG_WARN_NON_LITERAL_NULL_CONVERSION = YES;
				CLANG_WARN_OBJC_IMPLICIT_RETAIN_SELF = YES;
				CLANG_WARN_OBJC_LITERAL_CONVERSION = YES;
				CLANG_WARN_OBJC_ROOT_CLASS = YES_ERROR;
				CLANG_WARN_RANGE_LOOP_ANALYSIS = YES;
				CLANG_WARN_STRICT_PROTOTYPES = YES;
				CLANG_WARN_SUSPICIOUS_MOVE = YES;
				CLANG_WARN_UNGUARDED_AVAILABILITY = YES_AGGRESSIVE;
				CLANG_WARN_UNREACHABLE_CODE = YES;
				CLANG_WARN__DUPLICATE_METHOD_MATCH = YES;
				CODE_SIGN_IDENTITY = "iPhone Developer";
				COPY_PHASE_STRIP = NO;
				DEBUG_INFORMATION_FORMAT = dwarf;
				ENABLE_STRICT_OBJC_MSGSEND = YES;
				ENABLE_TESTABILITY = YES;
				GCC_C_LANGUAGE_STANDARD = gnu11;
				GCC_DYNAMIC_NO_PIC = NO;
				GCC_NO_COMMON_BLOCKS = YES;
				GCC_OPTIMIZATION_LEVEL = 0;
				GCC_PREPROCESSOR_DEFINITIONS = (
					"DEBUG=1",
					"$(inherited)",
				);
				GCC_WARN_64_TO_32_BIT_CONVERSION = YES;
				GCC_WARN_ABOUT_RETURN_TYPE = YES_ERROR;
				GCC_WARN_UNDECLARED_SELECTOR = YES;
				GCC_WARN_UNINITIALIZED_AUTOS = YES_AGGRESSIVE;
				GCC_WARN_UNUSED_FUNCTION = YES;
				GCC_WARN_UNUSED_VARIABLE = YES;
				IPHONEOS_DEPLOYMENT_TARGET = 11.4;
				MTL_ENABLE_DEBUG_INFO = YES;
				ONLY_ACTIVE_ARCH = YES;
				SDKROOT = iphoneos;
				SWIFT_ACTIVE_COMPILATION_CONDITIONS = DEBUG;
				SWIFT_OPTIMIZATION_LEVEL = "-Onone";
			};
			name = Debug;
		};
		30C55D96212B4ADC004946FF /* Release */ = {
			isa = XCBuildConfiguration;
			buildSettings = {
				ALWAYS_SEARCH_USER_PATHS = NO;
				CLANG_ANALYZER_NONNULL = YES;
				CLANG_ANALYZER_NUMBER_OBJECT_CONVERSION = YES_AGGRESSIVE;
				CLANG_CXX_LANGUAGE_STANDARD = "gnu++14";
				CLANG_CXX_LIBRARY = "libc++";
				CLANG_ENABLE_MODULES = YES;
				CLANG_ENABLE_OBJC_ARC = YES;
				CLANG_ENABLE_OBJC_WEAK = YES;
				CLANG_WARN_BLOCK_CAPTURE_AUTORELEASING = YES;
				CLANG_WARN_BOOL_CONVERSION = YES;
				CLANG_WARN_COMMA = YES;
				CLANG_WARN_CONSTANT_CONVERSION = YES;
				CLANG_WARN_DEPRECATED_OBJC_IMPLEMENTATIONS = YES;
				CLANG_WARN_DIRECT_OBJC_ISA_USAGE = YES_ERROR;
				CLANG_WARN_DOCUMENTATION_COMMENTS = YES;
				CLANG_WARN_EMPTY_BODY = YES;
				CLANG_WARN_ENUM_CONVERSION = YES;
				CLANG_WARN_INFINITE_RECURSION = YES;
				CLANG_WARN_INT_CONVERSION = YES;
				CLANG_WARN_NON_LITERAL_NULL_CONVERSION = YES;
				CLANG_WARN_OBJC_IMPLICIT_RETAIN_SELF = YES;
				CLANG_WARN_OBJC_LITERAL_CONVERSION = YES;
				CLANG_WARN_OBJC_ROOT_CLASS = YES_ERROR;
				CLANG_WARN_RANGE_LOOP_ANALYSIS = YES;
				CLANG_WARN_STRICT_PROTOTYPES = YES;
				CLANG_WARN_SUSPICIOUS_MOVE = YES;
				CLANG_WARN_UNGUARDED_AVAILABILITY = YES_AGGRESSIVE;
				CLANG_WARN_UNREACHABLE_CODE = YES;
				CLANG_WARN__DUPLICATE_METHOD_MATCH = YES;
				CODE_SIGN_IDENTITY = "iPhone Developer";
				COPY_PHASE_STRIP = NO;
				DEBUG_INFORMATION_FORMAT = "dwarf-with-dsym";
				ENABLE_NS_ASSERTIONS = NO;
				ENABLE_STRICT_OBJC_MSGSEND = YES;
				GCC_C_LANGUAGE_STANDARD = gnu11;
				GCC_NO_COMMON_BLOCKS = YES;
				GCC_WARN_64_TO_32_BIT_CONVERSION = YES;
				GCC_WARN_ABOUT_RETURN_TYPE = YES_ERROR;
				GCC_WARN_UNDECLARED_SELECTOR = YES;
				GCC_WARN_UNINITIALIZED_AUTOS = YES_AGGRESSIVE;
				GCC_WARN_UNUSED_FUNCTION = YES;
				GCC_WARN_UNUSED_VARIABLE = YES;
				IPHONEOS_DEPLOYMENT_TARGET = 11.4;
				MTL_ENABLE_DEBUG_INFO = NO;
				SDKROOT = iphoneos;
				SWIFT_COMPILATION_MODE = wholemodule;
				SWIFT_OPTIMIZATION_LEVEL = "-O";
				VALIDATE_PRODUCT = YES;
			};
			name = Release;
		};
		30C55D98212B4ADC004946FF /* Debug */ = {
			isa = XCBuildConfiguration;
			buildSettings = {
				ASSETCATALOG_COMPILER_APPICON_NAME = AppIcon;
				CODE_SIGN_STYLE = Automatic;
				DEVELOPMENT_TEAM = 673KYH688Z;
				INFOPLIST_FILE = "Business Card Printer/Info.plist";
				IPHONEOS_DEPLOYMENT_TARGET = 12.0;
				LD_RUNPATH_SEARCH_PATHS = (
					"$(inherited)",
					"@executable_path/Frameworks",
				);
				PRODUCT_BUNDLE_IDENTIFIER = "jakey-poo-builds-apps.Business-Card-Printer";
				PRODUCT_NAME = "$(TARGET_NAME)";
				SWIFT_VERSION = 4.0;
				TARGETED_DEVICE_FAMILY = 1;
			};
			name = Debug;
		};
		30C55D99212B4ADC004946FF /* Release */ = {
			isa = XCBuildConfiguration;
			buildSettings = {
				ASSETCATALOG_COMPILER_APPICON_NAME = AppIcon;
				CODE_SIGN_STYLE = Automatic;
				DEVELOPMENT_TEAM = 673KYH688Z;
				INFOPLIST_FILE = "Business Card Printer/Info.plist";
				IPHONEOS_DEPLOYMENT_TARGET = 12.0;
				LD_RUNPATH_SEARCH_PATHS = (
					"$(inherited)",
					"@executable_path/Frameworks",
				);
				PRODUCT_BUNDLE_IDENTIFIER = "jakey-poo-builds-apps.Business-Card-Printer";
				PRODUCT_NAME = "$(TARGET_NAME)";
				SWIFT_VERSION = 4.0;
				TARGETED_DEVICE_FAMILY = 1;
			};
			name = Release;
		};
		30C55D9B212B4ADC004946FF /* Debug */ = {
			isa = XCBuildConfiguration;
			buildSettings = {
				ALWAYS_EMBED_SWIFT_STANDARD_LIBRARIES = YES;
				BUNDLE_LOADER = "$(TEST_HOST)";
				CODE_SIGN_STYLE = Automatic;
				INFOPLIST_FILE = "Business Card PrinterTests/Info.plist";
				LD_RUNPATH_SEARCH_PATHS = (
					"$(inherited)",
					"@executable_path/Frameworks",
					"@loader_path/Frameworks",
				);
				PRODUCT_BUNDLE_IDENTIFIER = "jakey-poo-builds-apps.Business-Card-PrinterTests";
				PRODUCT_NAME = "$(TARGET_NAME)";
				SWIFT_VERSION = 4.0;
				TARGETED_DEVICE_FAMILY = "1,2";
				TEST_HOST = "$(BUILT_PRODUCTS_DIR)/Business Card Printer.app/Business Card Printer";
			};
			name = Debug;
		};
		30C55D9C212B4ADC004946FF /* Release */ = {
			isa = XCBuildConfiguration;
			buildSettings = {
				ALWAYS_EMBED_SWIFT_STANDARD_LIBRARIES = YES;
				BUNDLE_LOADER = "$(TEST_HOST)";
				CODE_SIGN_STYLE = Automatic;
				INFOPLIST_FILE = "Business Card PrinterTests/Info.plist";
				LD_RUNPATH_SEARCH_PATHS = (
					"$(inherited)",
					"@executable_path/Frameworks",
					"@loader_path/Frameworks",
				);
				PRODUCT_BUNDLE_IDENTIFIER = "jakey-poo-builds-apps.Business-Card-PrinterTests";
				PRODUCT_NAME = "$(TARGET_NAME)";
				SWIFT_VERSION = 4.0;
				TARGETED_DEVICE_FAMILY = "1,2";
				TEST_HOST = "$(BUILT_PRODUCTS_DIR)/Business Card Printer.app/Business Card Printer";
			};
			name = Release;
		};
		30C55D9E212B4ADC004946FF /* Debug */ = {
			isa = XCBuildConfiguration;
			buildSettings = {
				ALWAYS_EMBED_SWIFT_STANDARD_LIBRARIES = YES;
				CODE_SIGN_STYLE = Automatic;
				INFOPLIST_FILE = "Business Card PrinterUITests/Info.plist";
				LD_RUNPATH_SEARCH_PATHS = (
					"$(inherited)",
					"@executable_path/Frameworks",
					"@loader_path/Frameworks",
				);
				PRODUCT_BUNDLE_IDENTIFIER = "jakey-poo-builds-apps.Business-Card-PrinterUITests";
				PRODUCT_NAME = "$(TARGET_NAME)";
				SWIFT_VERSION = 4.0;
				TARGETED_DEVICE_FAMILY = "1,2";
				TEST_TARGET_NAME = "Business Card Printer";
			};
			name = Debug;
		};
		30C55D9F212B4ADC004946FF /* Release */ = {
			isa = XCBuildConfiguration;
			buildSettings = {
				ALWAYS_EMBED_SWIFT_STANDARD_LIBRARIES = YES;
				CODE_SIGN_STYLE = Automatic;
				INFOPLIST_FILE = "Business Card PrinterUITests/Info.plist";
				LD_RUNPATH_SEARCH_PATHS = (
					"$(inherited)",
					"@executable_path/Frameworks",
					"@loader_path/Frameworks",
				);
				PRODUCT_BUNDLE_IDENTIFIER = "jakey-poo-builds-apps.Business-Card-PrinterUITests";
				PRODUCT_NAME = "$(TARGET_NAME)";
				SWIFT_VERSION = 4.0;
				TARGETED_DEVICE_FAMILY = "1,2";
				TEST_TARGET_NAME = "Business Card Printer";
			};
			name = Release;
		};
/* End XCBuildConfiguration section */

/* Begin XCConfigurationList section */
		30C55D6A212B4AD8004946FF /* Build configuration list for PBXProject "Business Card Printer" */ = {
			isa = XCConfigurationList;
			buildConfigurations = (
				30C55D95212B4ADC004946FF /* Debug */,
				30C55D96212B4ADC004946FF /* Release */,
			);
			defaultConfigurationIsVisible = 0;
			defaultConfigurationName = Release;
		};
		30C55D97212B4ADC004946FF /* Build configuration list for PBXNativeTarget "Business Card Printer" */ = {
			isa = XCConfigurationList;
			buildConfigurations = (
				30C55D98212B4ADC004946FF /* Debug */,
				30C55D99212B4ADC004946FF /* Release */,
			);
			defaultConfigurationIsVisible = 0;
			defaultConfigurationName = Release;
		};
		30C55D9A212B4ADC004946FF /* Build configuration list for PBXNativeTarget "Business Card PrinterTests" */ = {
			isa = XCConfigurationList;
			buildConfigurations = (
				30C55D9B212B4ADC004946FF /* Debug */,
				30C55D9C212B4ADC004946FF /* Release */,
			);
			defaultConfigurationIsVisible = 0;
			defaultConfigurationName = Release;
		};
		30C55D9D212B4ADC004946FF /* Build configuration list for PBXNativeTarget "Business Card PrinterUITests" */ = {
			isa = XCConfigurationList;
			buildConfigurations = (
				30C55D9E212B4ADC004946FF /* Debug */,
				30C55D9F212B4ADC004946FF /* Release */,
			);
			defaultConfigurationIsVisible = 0;
			defaultConfigurationName = Release;
		};
/* End XCConfigurationList section */

/* Begin XCVersionGroup section */
		30CC17252141E77900B1CD3F /* Model.xcdatamodeld */ = {
			isa = XCVersionGroup;
			children = (
				30CC17262141E77900B1CD3F /* Model.xcdatamodel */,
			);
			currentVersion = 30CC17262141E77900B1CD3F /* Model.xcdatamodel */;
			path = Model.xcdatamodeld;
			sourceTree = "<group>";
			versionGroupType = wrapper.xcdatamodel;
		};
/* End XCVersionGroup section */
	};
	rootObject = 30C55D67212B4AD8004946FF /* Project object */;
}
